# THIS IS AN AUTOGENERATED FILE. DO NOT EDIT THIS FILE DIRECTLY.
# yarn lockfile v1


"@mapbox/geo-viewport@^0.2.2":
  version "0.2.2"
  resolved "https://registry.yarnpkg.com/@mapbox/geo-viewport/-/geo-viewport-0.2.2.tgz#93206c044238c21a60fca7e9064c8ce63e8027b4"
  dependencies:
    "@mapbox/sphericalmercator" "~1.0.2"

"@mapbox/sphericalmercator@~1.0.2":
  version "1.0.5"
  resolved "https://registry.yarnpkg.com/@mapbox/sphericalmercator/-/sphericalmercator-1.0.5.tgz#70237b9774095ed1cfdbcea7a8fd1fc82b2691f2"

kdbush@^1.0.1:
  version "1.0.1"
  resolved "https://registry.yarnpkg.com/kdbush/-/kdbush-1.0.1.tgz#3cbd03e9dead9c0f6f66ccdb96450e5cecc640e0"

supercluster@^3.0.2:
  version "3.0.2"
  resolved "https://registry.yarnpkg.com/supercluster/-/supercluster-3.0.2.tgz#370d6b4fcc9381f034f60f950593d7e4de3235ef"
  dependencies:
    kdbush "^1.0.1"
